
Microsoft Visual Studio Solution File, Format Version 12.00
# Visual Studio Version 17
VisualStudioVersion = 17.3.32901.215
MinimumVisualStudioVersion = 10.0.40219.1
Project("{9A19103F-16F7-4668-BE54-9A1E7A4F7556}") = "CreationalPatternsDemo", "Demo\CreationalPatternsDemo.csproj", "{484A3C72-81B7-426B-A4F4-A81071C1C5BF}"
EndProject
Project("{2150E333-8FDC-42A3-9474-1A3956D46DE8}") = "SOLID", "SOLID", "{7C43F7D1-BA17-403C-9FF6-859A2C65FF67}"
EndProject
Project("{9A19103F-16F7-4668-BE54-9A1E7A4F7556}") = "SRP", "SRP\SRP.csproj", "{36AFADC3-4064-4914-9C3D-6B86D44A6DCF}"
EndProject
Project("{9A19103F-16F7-4668-BE54-9A1E7A4F7556}") = "OSP", "OSP\OSP.csproj", "{DE57DADE-9438-400A-90AB-44C7ADED3ABF}"
EndProject
Project("{2150E333-8FDC-42A3-9474-1A3956D46DE8}") = "DesignPatterns", "DesignPatterns", "{87B3CC0F-E17C-447D-A56D-F58A8855849A}"
EndProject
Project("{2150E333-8FDC-42A3-9474-1A3956D46DE8}") = "Creational", "Creational", "{FC721E9C-5EA9-456B-AFFC-0A801DE14B78}"
EndProject
Project("{9A19103F-16F7-4668-BE54-9A1E7A4F7556}") = "Builder", "Builder\Builder.csproj", "{1CB4DC43-58A3-44A8-BBB8-F308C5FC64C9}"
EndProject
Project("{9A19103F-16F7-4668-BE54-9A1E7A4F7556}") = "Factory", "Factory\Factory.csproj", "{DCD9E10C-2711-4F3B-BC0D-E22FF016216D}"
EndProject
Project("{9A19103F-16F7-4668-BE54-9A1E7A4F7556}") = "ProtoType", "ProtoType\ProtoType.csproj", "{311FC238-4BFE-4870-940C-2F50277AB68E}"
EndProject
Project("{9A19103F-16F7-4668-BE54-9A1E7A4F7556}") = "Singlton", "Singlton\Singlton.csproj", "{DE8B35AE-6494-4B21-88DB-FB8F2C88D442}"
EndProject
Project("{9A19103F-16F7-4668-BE54-9A1E7A4F7556}") = "Adapter", "Adapter\Adapter.csproj", "{5E2F0D60-8DBE-4090-95F6-956CC73F836C}"
EndProject
Project("{2150E333-8FDC-42A3-9474-1A3956D46DE8}") = "Structural", "Structural", "{0CDDF02A-F451-4624-9836-3C34A55DCD7D}"
EndProject
Project("{9A19103F-16F7-4668-BE54-9A1E7A4F7556}") = "Bridge", "Bridge\Bridge.csproj", "{5E214CDE-46DC-47E7-A8F1-BE6DF1BEC07F}"
EndProject
Project("{9A19103F-16F7-4668-BE54-9A1E7A4F7556}") = "Composite", "Composite\Composite.csproj", "{D66A5051-F255-4579-A962-2A3BDA8165A7}"
EndProject
Project("{9A19103F-16F7-4668-BE54-9A1E7A4F7556}") = "Decorator", "Decorator\Decorator.csproj", "{ECB41E20-3C8A-4992-9A45-00D08DAE2EFA}"
EndProject
Project("{9A19103F-16F7-4668-BE54-9A1E7A4F7556}") = "Facade", "Facade\Facade.csproj", "{964ED5D4-CB04-44F7-8543-B986EB10CFE0}"
EndProject
Project("{9A19103F-16F7-4668-BE54-9A1E7A4F7556}") = "Flyweight", "Flyweight\Flyweight.csproj", "{5AF9341B-BC70-44D8-9FC7-5AF3AFF9D69A}"
EndProject
Project("{9A19103F-16F7-4668-BE54-9A1E7A4F7556}") = "Proxy", "Proxy\Proxy.csproj", "{8241C416-A2D0-41AB-83A5-DA37EFDE4D55}"
EndProject
Project("{2150E333-8FDC-42A3-9474-1A3956D46DE8}") = "Behavioral", "Behavioral", "{38761BC9-096F-4D5F-89DC-14DB184995F3}"
EndProject
Project("{9A19103F-16F7-4668-BE54-9A1E7A4F7556}") = "ChanOfResponsibility", "ChanOfResponsibility\ChanOfResponsibility.csproj", "{2A3B761F-8E25-49D3-BC6D-83DAB29280D6}"
EndProject
Project("{9A19103F-16F7-4668-BE54-9A1E7A4F7556}") = "Command", "Command\Command.csproj", "{E7EF73B0-B7F6-44DF-9372-C58827325A27}"
EndProject
Project("{9A19103F-16F7-4668-BE54-9A1E7A4F7556}") = "Interpreter", "Interpreter\Interpreter.csproj", "{F199881D-6F38-4408-9BF4-B57BDF8EA1AA}"
EndProject
Project("{9A19103F-16F7-4668-BE54-9A1E7A4F7556}") = "Iterator", "Iterator\Iterator.csproj", "{8D3D74FA-AC78-4678-A64E-B5AE98EA59DF}"
EndProject
Project("{9A19103F-16F7-4668-BE54-9A1E7A4F7556}") = "Mediator", "Mediator\Mediator.csproj", "{65E3F83B-EB38-490C-9B2A-1F6C6DB7FBF6}"
EndProject
Project("{9A19103F-16F7-4668-BE54-9A1E7A4F7556}") = "Memento", "Momento\Memento.csproj", "{50800C9C-761C-43BF-ADCD-CD78D40D51A6}"
EndProject
Project("{9A19103F-16F7-4668-BE54-9A1E7A4F7556}") = "Observable", "Observable\Observable.csproj", "{205BE5F0-A6E2-4DC6-8FAA-6554232AF316}"
EndProject
Project("{FAE04EC0-301F-11D3-BF4B-00C04F79EFBC}") = "State", "State\State.csproj", "{4351CC8C-61B1-48A9-B921-007DF3BEBD29}"
EndProject
Global
	GlobalSection(SolutionConfigurationPlatforms) = preSolution
		Debug|Any CPU = Debug|Any CPU
		Debug|ARM32 = Debug|ARM32
		Debug|x64 = Debug|x64
		Debug|x86 = Debug|x86
		Release|Any CPU = Release|Any CPU
		Release|ARM32 = Release|ARM32
		Release|x64 = Release|x64
		Release|x86 = Release|x86
	EndGlobalSection
	GlobalSection(ProjectConfigurationPlatforms) = postSolution
		{484A3C72-81B7-426B-A4F4-A81071C1C5BF}.Debug|Any CPU.ActiveCfg = Debug|Any CPU
		{484A3C72-81B7-426B-A4F4-A81071C1C5BF}.Debug|Any CPU.Build.0 = Debug|Any CPU
		{484A3C72-81B7-426B-A4F4-A81071C1C5BF}.Debug|ARM32.ActiveCfg = Debug|ARM32
		{484A3C72-81B7-426B-A4F4-A81071C1C5BF}.Debug|ARM32.Build.0 = Debug|ARM32
		{484A3C72-81B7-426B-A4F4-A81071C1C5BF}.Debug|x64.ActiveCfg = Debug|x64
		{484A3C72-81B7-426B-A4F4-A81071C1C5BF}.Debug|x64.Build.0 = Debug|x64
		{484A3C72-81B7-426B-A4F4-A81071C1C5BF}.Debug|x86.ActiveCfg = Debug|x86
		{484A3C72-81B7-426B-A4F4-A81071C1C5BF}.Debug|x86.Build.0 = Debug|x86
		{484A3C72-81B7-426B-A4F4-A81071C1C5BF}.Release|Any CPU.ActiveCfg = Release|Any CPU
		{484A3C72-81B7-426B-A4F4-A81071C1C5BF}.Release|Any CPU.Build.0 = Release|Any CPU
		{484A3C72-81B7-426B-A4F4-A81071C1C5BF}.Release|ARM32.ActiveCfg = Release|ARM32
		{484A3C72-81B7-426B-A4F4-A81071C1C5BF}.Release|ARM32.Build.0 = Release|ARM32
		{484A3C72-81B7-426B-A4F4-A81071C1C5BF}.Release|x64.ActiveCfg = Release|x64
		{484A3C72-81B7-426B-A4F4-A81071C1C5BF}.Release|x64.Build.0 = Release|x64
		{484A3C72-81B7-426B-A4F4-A81071C1C5BF}.Release|x86.ActiveCfg = Release|x86
		{484A3C72-81B7-426B-A4F4-A81071C1C5BF}.Release|x86.Build.0 = Release|x86
		{36AFADC3-4064-4914-9C3D-6B86D44A6DCF}.Debug|Any CPU.ActiveCfg = Debug|Any CPU
		{36AFADC3-4064-4914-9C3D-6B86D44A6DCF}.Debug|Any CPU.Build.0 = Debug|Any CPU
		{36AFADC3-4064-4914-9C3D-6B86D44A6DCF}.Debug|ARM32.ActiveCfg = Debug|Any CPU
		{36AFADC3-4064-4914-9C3D-6B86D44A6DCF}.Debug|ARM32.Build.0 = Debug|Any CPU
		{36AFADC3-4064-4914-9C3D-6B86D44A6DCF}.Debug|x64.ActiveCfg = Debug|Any CPU
		{36AFADC3-4064-4914-9C3D-6B86D44A6DCF}.Debug|x64.Build.0 = Debug|Any CPU
		{36AFADC3-4064-4914-9C3D-6B86D44A6DCF}.Debug|x86.ActiveCfg = Debug|Any CPU
		{36AFADC3-4064-4914-9C3D-6B86D44A6DCF}.Debug|x86.Build.0 = Debug|Any CPU
		{36AFADC3-4064-4914-9C3D-6B86D44A6DCF}.Release|Any CPU.ActiveCfg = Release|Any CPU
		{36AFADC3-4064-4914-9C3D-6B86D44A6DCF}.Release|Any CPU.Build.0 = Release|Any CPU
		{36AFADC3-4064-4914-9C3D-6B86D44A6DCF}.Release|ARM32.ActiveCfg = Release|Any CPU
		{36AFADC3-4064-4914-9C3D-6B86D44A6DCF}.Release|ARM32.Build.0 = Release|Any CPU
		{36AFADC3-4064-4914-9C3D-6B86D44A6DCF}.Release|x64.ActiveCfg = Release|Any CPU
		{36AFADC3-4064-4914-9C3D-6B86D44A6DCF}.Release|x64.Build.0 = Release|Any CPU
		{36AFADC3-4064-4914-9C3D-6B86D44A6DCF}.Release|x86.ActiveCfg = Release|Any CPU
		{36AFADC3-4064-4914-9C3D-6B86D44A6DCF}.Release|x86.Build.0 = Release|Any CPU
		{DE57DADE-9438-400A-90AB-44C7ADED3ABF}.Debug|Any CPU.ActiveCfg = Debug|Any CPU
		{DE57DADE-9438-400A-90AB-44C7ADED3ABF}.Debug|Any CPU.Build.0 = Debug|Any CPU
		{DE57DADE-9438-400A-90AB-44C7ADED3ABF}.Debug|ARM32.ActiveCfg = Debug|Any CPU
		{DE57DADE-9438-400A-90AB-44C7ADED3ABF}.Debug|ARM32.Build.0 = Debug|Any CPU
		{DE57DADE-9438-400A-90AB-44C7ADED3ABF}.Debug|x64.ActiveCfg = Debug|Any CPU
		{DE57DADE-9438-400A-90AB-44C7ADED3ABF}.Debug|x64.Build.0 = Debug|Any CPU
		{DE57DADE-9438-400A-90AB-44C7ADED3ABF}.Debug|x86.ActiveCfg = Debug|Any CPU
		{DE57DADE-9438-400A-90AB-44C7ADED3ABF}.Debug|x86.Build.0 = Debug|Any CPU
		{DE57DADE-9438-400A-90AB-44C7ADED3ABF}.Release|Any CPU.ActiveCfg = Release|Any CPU
		{DE57DADE-9438-400A-90AB-44C7ADED3ABF}.Release|Any CPU.Build.0 = Release|Any CPU
		{DE57DADE-9438-400A-90AB-44C7ADED3ABF}.Release|ARM32.ActiveCfg = Release|Any CPU
		{DE57DADE-9438-400A-90AB-44C7ADED3ABF}.Release|ARM32.Build.0 = Release|Any CPU
		{DE57DADE-9438-400A-90AB-44C7ADED3ABF}.Release|x64.ActiveCfg = Release|Any CPU
		{DE57DADE-9438-400A-90AB-44C7ADED3ABF}.Release|x64.Build.0 = Release|Any CPU
		{DE57DADE-9438-400A-90AB-44C7ADED3ABF}.Release|x86.ActiveCfg = Release|Any CPU
		{DE57DADE-9438-400A-90AB-44C7ADED3ABF}.Release|x86.Build.0 = Release|Any CPU
		{1CB4DC43-58A3-44A8-BBB8-F308C5FC64C9}.Debug|Any CPU.ActiveCfg = Debug|Any CPU
		{1CB4DC43-58A3-44A8-BBB8-F308C5FC64C9}.Debug|Any CPU.Build.0 = Debug|Any CPU
		{1CB4DC43-58A3-44A8-BBB8-F308C5FC64C9}.Debug|ARM32.ActiveCfg = Debug|Any CPU
		{1CB4DC43-58A3-44A8-BBB8-F308C5FC64C9}.Debug|ARM32.Build.0 = Debug|Any CPU
		{1CB4DC43-58A3-44A8-BBB8-F308C5FC64C9}.Debug|x64.ActiveCfg = Debug|Any CPU
		{1CB4DC43-58A3-44A8-BBB8-F308C5FC64C9}.Debug|x64.Build.0 = Debug|Any CPU
		{1CB4DC43-58A3-44A8-BBB8-F308C5FC64C9}.Debug|x86.ActiveCfg = Debug|Any CPU
		{1CB4DC43-58A3-44A8-BBB8-F308C5FC64C9}.Debug|x86.Build.0 = Debug|Any CPU
		{1CB4DC43-58A3-44A8-BBB8-F308C5FC64C9}.Release|Any CPU.ActiveCfg = Release|Any CPU
		{1CB4DC43-58A3-44A8-BBB8-F308C5FC64C9}.Release|Any CPU.Build.0 = Release|Any CPU
		{1CB4DC43-58A3-44A8-BBB8-F308C5FC64C9}.Release|ARM32.ActiveCfg = Release|Any CPU
		{1CB4DC43-58A3-44A8-BBB8-F308C5FC64C9}.Release|ARM32.Build.0 = Release|Any CPU
		{1CB4DC43-58A3-44A8-BBB8-F308C5FC64C9}.Release|x64.ActiveCfg = Release|Any CPU
		{1CB4DC43-58A3-44A8-BBB8-F308C5FC64C9}.Release|x64.Build.0 = Release|Any CPU
		{1CB4DC43-58A3-44A8-BBB8-F308C5FC64C9}.Release|x86.ActiveCfg = Release|Any CPU
		{1CB4DC43-58A3-44A8-BBB8-F308C5FC64C9}.Release|x86.Build.0 = Release|Any CPU
		{DCD9E10C-2711-4F3B-BC0D-E22FF016216D}.Debug|Any CPU.ActiveCfg = Debug|Any CPU
		{DCD9E10C-2711-4F3B-BC0D-E22FF016216D}.Debug|Any CPU.Build.0 = Debug|Any CPU
		{DCD9E10C-2711-4F3B-BC0D-E22FF016216D}.Debug|ARM32.ActiveCfg = Debug|Any CPU
		{DCD9E10C-2711-4F3B-BC0D-E22FF016216D}.Debug|ARM32.Build.0 = Debug|Any CPU
		{DCD9E10C-2711-4F3B-BC0D-E22FF016216D}.Debug|x64.ActiveCfg = Debug|Any CPU
		{DCD9E10C-2711-4F3B-BC0D-E22FF016216D}.Debug|x64.Build.0 = Debug|Any CPU
		{DCD9E10C-2711-4F3B-BC0D-E22FF016216D}.Debug|x86.ActiveCfg = Debug|Any CPU
		{DCD9E10C-2711-4F3B-BC0D-E22FF016216D}.Debug|x86.Build.0 = Debug|Any CPU
		{DCD9E10C-2711-4F3B-BC0D-E22FF016216D}.Release|Any CPU.ActiveCfg = Release|Any CPU
		{DCD9E10C-2711-4F3B-BC0D-E22FF016216D}.Release|Any CPU.Build.0 = Release|Any CPU
		{DCD9E10C-2711-4F3B-BC0D-E22FF016216D}.Release|ARM32.ActiveCfg = Release|Any CPU
		{DCD9E10C-2711-4F3B-BC0D-E22FF016216D}.Release|ARM32.Build.0 = Release|Any CPU
		{DCD9E10C-2711-4F3B-BC0D-E22FF016216D}.Release|x64.ActiveCfg = Release|Any CPU
		{DCD9E10C-2711-4F3B-BC0D-E22FF016216D}.Release|x64.Build.0 = Release|Any CPU
		{DCD9E10C-2711-4F3B-BC0D-E22FF016216D}.Release|x86.ActiveCfg = Release|Any CPU
		{DCD9E10C-2711-4F3B-BC0D-E22FF016216D}.Release|x86.Build.0 = Release|Any CPU
		{311FC238-4BFE-4870-940C-2F50277AB68E}.Debug|Any CPU.ActiveCfg = Debug|Any CPU
		{311FC238-4BFE-4870-940C-2F50277AB68E}.Debug|Any CPU.Build.0 = Debug|Any CPU
		{311FC238-4BFE-4870-940C-2F50277AB68E}.Debug|ARM32.ActiveCfg = Debug|Any CPU
		{311FC238-4BFE-4870-940C-2F50277AB68E}.Debug|ARM32.Build.0 = Debug|Any CPU
		{311FC238-4BFE-4870-940C-2F50277AB68E}.Debug|x64.ActiveCfg = Debug|Any CPU
		{311FC238-4BFE-4870-940C-2F50277AB68E}.Debug|x64.Build.0 = Debug|Any CPU
		{311FC238-4BFE-4870-940C-2F50277AB68E}.Debug|x86.ActiveCfg = Debug|Any CPU
		{311FC238-4BFE-4870-940C-2F50277AB68E}.Debug|x86.Build.0 = Debug|Any CPU
		{311FC238-4BFE-4870-940C-2F50277AB68E}.Release|Any CPU.ActiveCfg = Release|Any CPU
		{311FC238-4BFE-4870-940C-2F50277AB68E}.Release|Any CPU.Build.0 = Release|Any CPU
		{311FC238-4BFE-4870-940C-2F50277AB68E}.Release|ARM32.ActiveCfg = Release|Any CPU
		{311FC238-4BFE-4870-940C-2F50277AB68E}.Release|ARM32.Build.0 = Release|Any CPU
		{311FC238-4BFE-4870-940C-2F50277AB68E}.Release|x64.ActiveCfg = Release|Any CPU
		{311FC238-4BFE-4870-940C-2F50277AB68E}.Release|x64.Build.0 = Release|Any CPU
		{311FC238-4BFE-4870-940C-2F50277AB68E}.Release|x86.ActiveCfg = Release|Any CPU
		{311FC238-4BFE-4870-940C-2F50277AB68E}.Release|x86.Build.0 = Release|Any CPU
		{DE8B35AE-6494-4B21-88DB-FB8F2C88D442}.Debug|Any CPU.ActiveCfg = Debug|Any CPU
		{DE8B35AE-6494-4B21-88DB-FB8F2C88D442}.Debug|Any CPU.Build.0 = Debug|Any CPU
		{DE8B35AE-6494-4B21-88DB-FB8F2C88D442}.Debug|ARM32.ActiveCfg = Debug|Any CPU
		{DE8B35AE-6494-4B21-88DB-FB8F2C88D442}.Debug|ARM32.Build.0 = Debug|Any CPU
		{DE8B35AE-6494-4B21-88DB-FB8F2C88D442}.Debug|x64.ActiveCfg = Debug|Any CPU
		{DE8B35AE-6494-4B21-88DB-FB8F2C88D442}.Debug|x64.Build.0 = Debug|Any CPU
		{DE8B35AE-6494-4B21-88DB-FB8F2C88D442}.Debug|x86.ActiveCfg = Debug|Any CPU
		{DE8B35AE-6494-4B21-88DB-FB8F2C88D442}.Debug|x86.Build.0 = Debug|Any CPU
		{DE8B35AE-6494-4B21-88DB-FB8F2C88D442}.Release|Any CPU.ActiveCfg = Release|Any CPU
		{DE8B35AE-6494-4B21-88DB-FB8F2C88D442}.Release|Any CPU.Build.0 = Release|Any CPU
		{DE8B35AE-6494-4B21-88DB-FB8F2C88D442}.Release|ARM32.ActiveCfg = Release|Any CPU
		{DE8B35AE-6494-4B21-88DB-FB8F2C88D442}.Release|ARM32.Build.0 = Release|Any CPU
		{DE8B35AE-6494-4B21-88DB-FB8F2C88D442}.Release|x64.ActiveCfg = Release|Any CPU
		{DE8B35AE-6494-4B21-88DB-FB8F2C88D442}.Release|x64.Build.0 = Release|Any CPU
		{DE8B35AE-6494-4B21-88DB-FB8F2C88D442}.Release|x86.ActiveCfg = Release|Any CPU
		{DE8B35AE-6494-4B21-88DB-FB8F2C88D442}.Release|x86.Build.0 = Release|Any CPU
		{5E2F0D60-8DBE-4090-95F6-956CC73F836C}.Debug|Any CPU.ActiveCfg = Debug|Any CPU
		{5E2F0D60-8DBE-4090-95F6-956CC73F836C}.Debug|Any CPU.Build.0 = Debug|Any CPU
		{5E2F0D60-8DBE-4090-95F6-956CC73F836C}.Debug|ARM32.ActiveCfg = Debug|Any CPU
		{5E2F0D60-8DBE-4090-95F6-956CC73F836C}.Debug|ARM32.Build.0 = Debug|Any CPU
		{5E2F0D60-8DBE-4090-95F6-956CC73F836C}.Debug|x64.ActiveCfg = Debug|Any CPU
		{5E2F0D60-8DBE-4090-95F6-956CC73F836C}.Debug|x64.Build.0 = Debug|Any CPU
		{5E2F0D60-8DBE-4090-95F6-956CC73F836C}.Debug|x86.ActiveCfg = Debug|Any CPU
		{5E2F0D60-8DBE-4090-95F6-956CC73F836C}.Debug|x86.Build.0 = Debug|Any CPU
		{5E2F0D60-8DBE-4090-95F6-956CC73F836C}.Release|Any CPU.ActiveCfg = Release|Any CPU
		{5E2F0D60-8DBE-4090-95F6-956CC73F836C}.Release|Any CPU.Build.0 = Release|Any CPU
		{5E2F0D60-8DBE-4090-95F6-956CC73F836C}.Release|ARM32.ActiveCfg = Release|Any CPU
		{5E2F0D60-8DBE-4090-95F6-956CC73F836C}.Release|ARM32.Build.0 = Release|Any CPU
		{5E2F0D60-8DBE-4090-95F6-956CC73F836C}.Release|x64.ActiveCfg = Release|Any CPU
		{5E2F0D60-8DBE-4090-95F6-956CC73F836C}.Release|x64.Build.0 = Release|Any CPU
		{5E2F0D60-8DBE-4090-95F6-956CC73F836C}.Release|x86.ActiveCfg = Release|Any CPU
		{5E2F0D60-8DBE-4090-95F6-956CC73F836C}.Release|x86.Build.0 = Release|Any CPU
		{5E214CDE-46DC-47E7-A8F1-BE6DF1BEC07F}.Debug|Any CPU.ActiveCfg = Debug|Any CPU
		{5E214CDE-46DC-47E7-A8F1-BE6DF1BEC07F}.Debug|Any CPU.Build.0 = Debug|Any CPU
		{5E214CDE-46DC-47E7-A8F1-BE6DF1BEC07F}.Debug|ARM32.ActiveCfg = Debug|Any CPU
		{5E214CDE-46DC-47E7-A8F1-BE6DF1BEC07F}.Debug|ARM32.Build.0 = Debug|Any CPU
		{5E214CDE-46DC-47E7-A8F1-BE6DF1BEC07F}.Debug|x64.ActiveCfg = Debug|Any CPU
		{5E214CDE-46DC-47E7-A8F1-BE6DF1BEC07F}.Debug|x64.Build.0 = Debug|Any CPU
		{5E214CDE-46DC-47E7-A8F1-BE6DF1BEC07F}.Debug|x86.ActiveCfg = Debug|Any CPU
		{5E214CDE-46DC-47E7-A8F1-BE6DF1BEC07F}.Debug|x86.Build.0 = Debug|Any CPU
		{5E214CDE-46DC-47E7-A8F1-BE6DF1BEC07F}.Release|Any CPU.ActiveCfg = Release|Any CPU
		{5E214CDE-46DC-47E7-A8F1-BE6DF1BEC07F}.Release|Any CPU.Build.0 = Release|Any CPU
		{5E214CDE-46DC-47E7-A8F1-BE6DF1BEC07F}.Release|ARM32.ActiveCfg = Release|Any CPU
		{5E214CDE-46DC-47E7-A8F1-BE6DF1BEC07F}.Release|ARM32.Build.0 = Release|Any CPU
		{5E214CDE-46DC-47E7-A8F1-BE6DF1BEC07F}.Release|x64.ActiveCfg = Release|Any CPU
		{5E214CDE-46DC-47E7-A8F1-BE6DF1BEC07F}.Release|x64.Build.0 = Release|Any CPU
		{5E214CDE-46DC-47E7-A8F1-BE6DF1BEC07F}.Release|x86.ActiveCfg = Release|Any CPU
		{5E214CDE-46DC-47E7-A8F1-BE6DF1BEC07F}.Release|x86.Build.0 = Release|Any CPU
		{D66A5051-F255-4579-A962-2A3BDA8165A7}.Debug|Any CPU.ActiveCfg = Debug|Any CPU
		{D66A5051-F255-4579-A962-2A3BDA8165A7}.Debug|Any CPU.Build.0 = Debug|Any CPU
		{D66A5051-F255-4579-A962-2A3BDA8165A7}.Debug|ARM32.ActiveCfg = Debug|Any CPU
		{D66A5051-F255-4579-A962-2A3BDA8165A7}.Debug|ARM32.Build.0 = Debug|Any CPU
		{D66A5051-F255-4579-A962-2A3BDA8165A7}.Debug|x64.ActiveCfg = Debug|Any CPU
		{D66A5051-F255-4579-A962-2A3BDA8165A7}.Debug|x64.Build.0 = Debug|Any CPU
		{D66A5051-F255-4579-A962-2A3BDA8165A7}.Debug|x86.ActiveCfg = Debug|Any CPU
		{D66A5051-F255-4579-A962-2A3BDA8165A7}.Debug|x86.Build.0 = Debug|Any CPU
		{D66A5051-F255-4579-A962-2A3BDA8165A7}.Release|Any CPU.ActiveCfg = Release|Any CPU
		{D66A5051-F255-4579-A962-2A3BDA8165A7}.Release|Any CPU.Build.0 = Release|Any CPU
		{D66A5051-F255-4579-A962-2A3BDA8165A7}.Release|ARM32.ActiveCfg = Release|Any CPU
		{D66A5051-F255-4579-A962-2A3BDA8165A7}.Release|ARM32.Build.0 = Release|Any CPU
		{D66A5051-F255-4579-A962-2A3BDA8165A7}.Release|x64.ActiveCfg = Release|Any CPU
		{D66A5051-F255-4579-A962-2A3BDA8165A7}.Release|x64.Build.0 = Release|Any CPU
		{D66A5051-F255-4579-A962-2A3BDA8165A7}.Release|x86.ActiveCfg = Release|Any CPU
		{D66A5051-F255-4579-A962-2A3BDA8165A7}.Release|x86.Build.0 = Release|Any CPU
		{ECB41E20-3C8A-4992-9A45-00D08DAE2EFA}.Debug|Any CPU.ActiveCfg = Debug|Any CPU
		{ECB41E20-3C8A-4992-9A45-00D08DAE2EFA}.Debug|Any CPU.Build.0 = Debug|Any CPU
		{ECB41E20-3C8A-4992-9A45-00D08DAE2EFA}.Debug|ARM32.ActiveCfg = Debug|Any CPU
		{ECB41E20-3C8A-4992-9A45-00D08DAE2EFA}.Debug|ARM32.Build.0 = Debug|Any CPU
		{ECB41E20-3C8A-4992-9A45-00D08DAE2EFA}.Debug|x64.ActiveCfg = Debug|Any CPU
		{ECB41E20-3C8A-4992-9A45-00D08DAE2EFA}.Debug|x64.Build.0 = Debug|Any CPU
		{ECB41E20-3C8A-4992-9A45-00D08DAE2EFA}.Debug|x86.ActiveCfg = Debug|Any CPU
		{ECB41E20-3C8A-4992-9A45-00D08DAE2EFA}.Debug|x86.Build.0 = Debug|Any CPU
		{ECB41E20-3C8A-4992-9A45-00D08DAE2EFA}.Release|Any CPU.ActiveCfg = Release|Any CPU
		{ECB41E20-3C8A-4992-9A45-00D08DAE2EFA}.Release|Any CPU.Build.0 = Release|Any CPU
		{ECB41E20-3C8A-4992-9A45-00D08DAE2EFA}.Release|ARM32.ActiveCfg = Release|Any CPU
		{ECB41E20-3C8A-4992-9A45-00D08DAE2EFA}.Release|ARM32.Build.0 = Release|Any CPU
		{ECB41E20-3C8A-4992-9A45-00D08DAE2EFA}.Release|x64.ActiveCfg = Release|Any CPU
		{ECB41E20-3C8A-4992-9A45-00D08DAE2EFA}.Release|x64.Build.0 = Release|Any CPU
		{ECB41E20-3C8A-4992-9A45-00D08DAE2EFA}.Release|x86.ActiveCfg = Release|Any CPU
		{ECB41E20-3C8A-4992-9A45-00D08DAE2EFA}.Release|x86.Build.0 = Release|Any CPU
		{964ED5D4-CB04-44F7-8543-B986EB10CFE0}.Debug|Any CPU.ActiveCfg = Debug|Any CPU
		{964ED5D4-CB04-44F7-8543-B986EB10CFE0}.Debug|Any CPU.Build.0 = Debug|Any CPU
		{964ED5D4-CB04-44F7-8543-B986EB10CFE0}.Debug|ARM32.ActiveCfg = Debug|Any CPU
		{964ED5D4-CB04-44F7-8543-B986EB10CFE0}.Debug|ARM32.Build.0 = Debug|Any CPU
		{964ED5D4-CB04-44F7-8543-B986EB10CFE0}.Debug|x64.ActiveCfg = Debug|Any CPU
		{964ED5D4-CB04-44F7-8543-B986EB10CFE0}.Debug|x64.Build.0 = Debug|Any CPU
		{964ED5D4-CB04-44F7-8543-B986EB10CFE0}.Debug|x86.ActiveCfg = Debug|Any CPU
		{964ED5D4-CB04-44F7-8543-B986EB10CFE0}.Debug|x86.Build.0 = Debug|Any CPU
		{964ED5D4-CB04-44F7-8543-B986EB10CFE0}.Release|Any CPU.ActiveCfg = Release|Any CPU
		{964ED5D4-CB04-44F7-8543-B986EB10CFE0}.Release|Any CPU.Build.0 = Release|Any CPU
		{964ED5D4-CB04-44F7-8543-B986EB10CFE0}.Release|ARM32.ActiveCfg = Release|Any CPU
		{964ED5D4-CB04-44F7-8543-B986EB10CFE0}.Release|ARM32.Build.0 = Release|Any CPU
		{964ED5D4-CB04-44F7-8543-B986EB10CFE0}.Release|x64.ActiveCfg = Release|Any CPU
		{964ED5D4-CB04-44F7-8543-B986EB10CFE0}.Release|x64.Build.0 = Release|Any CPU
		{964ED5D4-CB04-44F7-8543-B986EB10CFE0}.Release|x86.ActiveCfg = Release|Any CPU
		{964ED5D4-CB04-44F7-8543-B986EB10CFE0}.Release|x86.Build.0 = Release|Any CPU
		{5AF9341B-BC70-44D8-9FC7-5AF3AFF9D69A}.Debug|Any CPU.ActiveCfg = Debug|Any CPU
		{5AF9341B-BC70-44D8-9FC7-5AF3AFF9D69A}.Debug|Any CPU.Build.0 = Debug|Any CPU
		{5AF9341B-BC70-44D8-9FC7-5AF3AFF9D69A}.Debug|ARM32.ActiveCfg = Debug|Any CPU
		{5AF9341B-BC70-44D8-9FC7-5AF3AFF9D69A}.Debug|ARM32.Build.0 = Debug|Any CPU
		{5AF9341B-BC70-44D8-9FC7-5AF3AFF9D69A}.Debug|x64.ActiveCfg = Debug|Any CPU
		{5AF9341B-BC70-44D8-9FC7-5AF3AFF9D69A}.Debug|x64.Build.0 = Debug|Any CPU
		{5AF9341B-BC70-44D8-9FC7-5AF3AFF9D69A}.Debug|x86.ActiveCfg = Debug|Any CPU
		{5AF9341B-BC70-44D8-9FC7-5AF3AFF9D69A}.Debug|x86.Build.0 = Debug|Any CPU
		{5AF9341B-BC70-44D8-9FC7-5AF3AFF9D69A}.Release|Any CPU.ActiveCfg = Release|Any CPU
		{5AF9341B-BC70-44D8-9FC7-5AF3AFF9D69A}.Release|Any CPU.Build.0 = Release|Any CPU
		{5AF9341B-BC70-44D8-9FC7-5AF3AFF9D69A}.Release|ARM32.ActiveCfg = Release|Any CPU
		{5AF9341B-BC70-44D8-9FC7-5AF3AFF9D69A}.Release|ARM32.Build.0 = Release|Any CPU
		{5AF9341B-BC70-44D8-9FC7-5AF3AFF9D69A}.Release|x64.ActiveCfg = Release|Any CPU
		{5AF9341B-BC70-44D8-9FC7-5AF3AFF9D69A}.Release|x64.Build.0 = Release|Any CPU
		{5AF9341B-BC70-44D8-9FC7-5AF3AFF9D69A}.Release|x86.ActiveCfg = Release|Any CPU
		{5AF9341B-BC70-44D8-9FC7-5AF3AFF9D69A}.Release|x86.Build.0 = Release|Any CPU
		{8241C416-A2D0-41AB-83A5-DA37EFDE4D55}.Debug|Any CPU.ActiveCfg = Debug|Any CPU
		{8241C416-A2D0-41AB-83A5-DA37EFDE4D55}.Debug|Any CPU.Build.0 = Debug|Any CPU
		{8241C416-A2D0-41AB-83A5-DA37EFDE4D55}.Debug|ARM32.ActiveCfg = Debug|Any CPU
		{8241C416-A2D0-41AB-83A5-DA37EFDE4D55}.Debug|ARM32.Build.0 = Debug|Any CPU
		{8241C416-A2D0-41AB-83A5-DA37EFDE4D55}.Debug|x64.ActiveCfg = Debug|Any CPU
		{8241C416-A2D0-41AB-83A5-DA37EFDE4D55}.Debug|x64.Build.0 = Debug|Any CPU
		{8241C416-A2D0-41AB-83A5-DA37EFDE4D55}.Debug|x86.ActiveCfg = Debug|Any CPU
		{8241C416-A2D0-41AB-83A5-DA37EFDE4D55}.Debug|x86.Build.0 = Debug|Any CPU
		{8241C416-A2D0-41AB-83A5-DA37EFDE4D55}.Release|Any CPU.ActiveCfg = Release|Any CPU
		{8241C416-A2D0-41AB-83A5-DA37EFDE4D55}.Release|Any CPU.Build.0 = Release|Any CPU
		{8241C416-A2D0-41AB-83A5-DA37EFDE4D55}.Release|ARM32.ActiveCfg = Release|Any CPU
		{8241C416-A2D0-41AB-83A5-DA37EFDE4D55}.Release|ARM32.Build.0 = Release|Any CPU
		{8241C416-A2D0-41AB-83A5-DA37EFDE4D55}.Release|x64.ActiveCfg = Release|Any CPU
		{8241C416-A2D0-41AB-83A5-DA37EFDE4D55}.Release|x64.Build.0 = Release|Any CPU
		{8241C416-A2D0-41AB-83A5-DA37EFDE4D55}.Release|x86.ActiveCfg = Release|Any CPU
		{8241C416-A2D0-41AB-83A5-DA37EFDE4D55}.Release|x86.Build.0 = Release|Any CPU
		{2A3B761F-8E25-49D3-BC6D-83DAB29280D6}.Debug|Any CPU.ActiveCfg = Debug|Any CPU
		{2A3B761F-8E25-49D3-BC6D-83DAB29280D6}.Debug|Any CPU.Build.0 = Debug|Any CPU
		{2A3B761F-8E25-49D3-BC6D-83DAB29280D6}.Debug|ARM32.ActiveCfg = Debug|Any CPU
		{2A3B761F-8E25-49D3-BC6D-83DAB29280D6}.Debug|ARM32.Build.0 = Debug|Any CPU
		{2A3B761F-8E25-49D3-BC6D-83DAB29280D6}.Debug|x64.ActiveCfg = Debug|Any CPU
		{2A3B761F-8E25-49D3-BC6D-83DAB29280D6}.Debug|x64.Build.0 = Debug|Any CPU
		{2A3B761F-8E25-49D3-BC6D-83DAB29280D6}.Debug|x86.ActiveCfg = Debug|Any CPU
		{2A3B761F-8E25-49D3-BC6D-83DAB29280D6}.Debug|x86.Build.0 = Debug|Any CPU
		{2A3B761F-8E25-49D3-BC6D-83DAB29280D6}.Release|Any CPU.ActiveCfg = Release|Any CPU
		{2A3B761F-8E25-49D3-BC6D-83DAB29280D6}.Release|Any CPU.Build.0 = Release|Any CPU
		{2A3B761F-8E25-49D3-BC6D-83DAB29280D6}.Release|ARM32.ActiveCfg = Release|Any CPU
		{2A3B761F-8E25-49D3-BC6D-83DAB29280D6}.Release|ARM32.Build.0 = Release|Any CPU
		{2A3B761F-8E25-49D3-BC6D-83DAB29280D6}.Release|x64.ActiveCfg = Release|Any CPU
		{2A3B761F-8E25-49D3-BC6D-83DAB29280D6}.Release|x64.Build.0 = Release|Any CPU
		{2A3B761F-8E25-49D3-BC6D-83DAB29280D6}.Release|x86.ActiveCfg = Release|Any CPU
		{2A3B761F-8E25-49D3-BC6D-83DAB29280D6}.Release|x86.Build.0 = Release|Any CPU
		{E7EF73B0-B7F6-44DF-9372-C58827325A27}.Debug|Any CPU.ActiveCfg = Debug|Any CPU
		{E7EF73B0-B7F6-44DF-9372-C58827325A27}.Debug|Any CPU.Build.0 = Debug|Any CPU
		{E7EF73B0-B7F6-44DF-9372-C58827325A27}.Debug|ARM32.ActiveCfg = Debug|Any CPU
		{E7EF73B0-B7F6-44DF-9372-C58827325A27}.Debug|ARM32.Build.0 = Debug|Any CPU
		{E7EF73B0-B7F6-44DF-9372-C58827325A27}.Debug|x64.ActiveCfg = Debug|Any CPU
		{E7EF73B0-B7F6-44DF-9372-C58827325A27}.Debug|x64.Build.0 = Debug|Any CPU
		{E7EF73B0-B7F6-44DF-9372-C58827325A27}.Debug|x86.ActiveCfg = Debug|Any CPU
		{E7EF73B0-B7F6-44DF-9372-C58827325A27}.Debug|x86.Build.0 = Debug|Any CPU
		{E7EF73B0-B7F6-44DF-9372-C58827325A27}.Release|Any CPU.ActiveCfg = Release|Any CPU
		{E7EF73B0-B7F6-44DF-9372-C58827325A27}.Release|Any CPU.Build.0 = Release|Any CPU
		{E7EF73B0-B7F6-44DF-9372-C58827325A27}.Release|ARM32.ActiveCfg = Release|Any CPU
		{E7EF73B0-B7F6-44DF-9372-C58827325A27}.Release|ARM32.Build.0 = Release|Any CPU
		{E7EF73B0-B7F6-44DF-9372-C58827325A27}.Release|x64.ActiveCfg = Release|Any CPU
		{E7EF73B0-B7F6-44DF-9372-C58827325A27}.Release|x64.Build.0 = Release|Any CPU
		{E7EF73B0-B7F6-44DF-9372-C58827325A27}.Release|x86.ActiveCfg = Release|Any CPU
		{E7EF73B0-B7F6-44DF-9372-C58827325A27}.Release|x86.Build.0 = Release|Any CPU
		{F199881D-6F38-4408-9BF4-B57BDF8EA1AA}.Debug|Any CPU.ActiveCfg = Debug|Any CPU
		{F199881D-6F38-4408-9BF4-B57BDF8EA1AA}.Debug|Any CPU.Build.0 = Debug|Any CPU
		{F199881D-6F38-4408-9BF4-B57BDF8EA1AA}.Debug|ARM32.ActiveCfg = Debug|Any CPU
		{F199881D-6F38-4408-9BF4-B57BDF8EA1AA}.Debug|ARM32.Build.0 = Debug|Any CPU
		{F199881D-6F38-4408-9BF4-B57BDF8EA1AA}.Debug|x64.ActiveCfg = Debug|Any CPU
		{F199881D-6F38-4408-9BF4-B57BDF8EA1AA}.Debug|x64.Build.0 = Debug|Any CPU
		{F199881D-6F38-4408-9BF4-B57BDF8EA1AA}.Debug|x86.ActiveCfg = Debug|Any CPU
		{F199881D-6F38-4408-9BF4-B57BDF8EA1AA}.Debug|x86.Build.0 = Debug|Any CPU
		{F199881D-6F38-4408-9BF4-B57BDF8EA1AA}.Release|Any CPU.ActiveCfg = Release|Any CPU
		{F199881D-6F38-4408-9BF4-B57BDF8EA1AA}.Release|Any CPU.Build.0 = Release|Any CPU
		{F199881D-6F38-4408-9BF4-B57BDF8EA1AA}.Release|ARM32.ActiveCfg = Release|Any CPU
		{F199881D-6F38-4408-9BF4-B57BDF8EA1AA}.Release|ARM32.Build.0 = Release|Any CPU
		{F199881D-6F38-4408-9BF4-B57BDF8EA1AA}.Release|x64.ActiveCfg = Release|Any CPU
		{F199881D-6F38-4408-9BF4-B57BDF8EA1AA}.Release|x64.Build.0 = Release|Any CPU
		{F199881D-6F38-4408-9BF4-B57BDF8EA1AA}.Release|x86.ActiveCfg = Release|Any CPU
		{F199881D-6F38-4408-9BF4-B57BDF8EA1AA}.Release|x86.Build.0 = Release|Any CPU
		{8D3D74FA-AC78-4678-A64E-B5AE98EA59DF}.Debug|Any CPU.ActiveCfg = Debug|Any CPU
		{8D3D74FA-AC78-4678-A64E-B5AE98EA59DF}.Debug|Any CPU.Build.0 = Debug|Any CPU
		{8D3D74FA-AC78-4678-A64E-B5AE98EA59DF}.Debug|ARM32.ActiveCfg = Debug|Any CPU
		{8D3D74FA-AC78-4678-A64E-B5AE98EA59DF}.Debug|ARM32.Build.0 = Debug|Any CPU
		{8D3D74FA-AC78-4678-A64E-B5AE98EA59DF}.Debug|x64.ActiveCfg = Debug|Any CPU
		{8D3D74FA-AC78-4678-A64E-B5AE98EA59DF}.Debug|x64.Build.0 = Debug|Any CPU
		{8D3D74FA-AC78-4678-A64E-B5AE98EA59DF}.Debug|x86.ActiveCfg = Debug|Any CPU
		{8D3D74FA-AC78-4678-A64E-B5AE98EA59DF}.Debug|x86.Build.0 = Debug|Any CPU
		{8D3D74FA-AC78-4678-A64E-B5AE98EA59DF}.Release|Any CPU.ActiveCfg = Release|Any CPU
		{8D3D74FA-AC78-4678-A64E-B5AE98EA59DF}.Release|Any CPU.Build.0 = Release|Any CPU
		{8D3D74FA-AC78-4678-A64E-B5AE98EA59DF}.Release|ARM32.ActiveCfg = Release|Any CPU
		{8D3D74FA-AC78-4678-A64E-B5AE98EA59DF}.Release|ARM32.Build.0 = Release|Any CPU
		{8D3D74FA-AC78-4678-A64E-B5AE98EA59DF}.Release|x64.ActiveCfg = Release|Any CPU
		{8D3D74FA-AC78-4678-A64E-B5AE98EA59DF}.Release|x64.Build.0 = Release|Any CPU
		{8D3D74FA-AC78-4678-A64E-B5AE98EA59DF}.Release|x86.ActiveCfg = Release|Any CPU
		{8D3D74FA-AC78-4678-A64E-B5AE98EA59DF}.Release|x86.Build.0 = Release|Any CPU
		{65E3F83B-EB38-490C-9B2A-1F6C6DB7FBF6}.Debug|Any CPU.ActiveCfg = Debug|Any CPU
		{65E3F83B-EB38-490C-9B2A-1F6C6DB7FBF6}.Debug|Any CPU.Build.0 = Debug|Any CPU
		{65E3F83B-EB38-490C-9B2A-1F6C6DB7FBF6}.Debug|ARM32.ActiveCfg = Debug|Any CPU
		{65E3F83B-EB38-490C-9B2A-1F6C6DB7FBF6}.Debug|ARM32.Build.0 = Debug|Any CPU
		{65E3F83B-EB38-490C-9B2A-1F6C6DB7FBF6}.Debug|x64.ActiveCfg = Debug|Any CPU
		{65E3F83B-EB38-490C-9B2A-1F6C6DB7FBF6}.Debug|x64.Build.0 = Debug|Any CPU
		{65E3F83B-EB38-490C-9B2A-1F6C6DB7FBF6}.Debug|x86.ActiveCfg = Debug|Any CPU
		{65E3F83B-EB38-490C-9B2A-1F6C6DB7FBF6}.Debug|x86.Build.0 = Debug|Any CPU
		{65E3F83B-EB38-490C-9B2A-1F6C6DB7FBF6}.Release|Any CPU.ActiveCfg = Release|Any CPU
		{65E3F83B-EB38-490C-9B2A-1F6C6DB7FBF6}.Release|Any CPU.Build.0 = Release|Any CPU
		{65E3F83B-EB38-490C-9B2A-1F6C6DB7FBF6}.Release|ARM32.ActiveCfg = Release|Any CPU
		{65E3F83B-EB38-490C-9B2A-1F6C6DB7FBF6}.Release|ARM32.Build.0 = Release|Any CPU
		{65E3F83B-EB38-490C-9B2A-1F6C6DB7FBF6}.Release|x64.ActiveCfg = Release|Any CPU
		{65E3F83B-EB38-490C-9B2A-1F6C6DB7FBF6}.Release|x64.Build.0 = Release|Any CPU
		{65E3F83B-EB38-490C-9B2A-1F6C6DB7FBF6}.Release|x86.ActiveCfg = Release|Any CPU
		{65E3F83B-EB38-490C-9B2A-1F6C6DB7FBF6}.Release|x86.Build.0 = Release|Any CPU
		{50800C9C-761C-43BF-ADCD-CD78D40D51A6}.Debug|Any CPU.ActiveCfg = Debug|Any CPU
		{50800C9C-761C-43BF-ADCD-CD78D40D51A6}.Debug|Any CPU.Build.0 = Debug|Any CPU
		{50800C9C-761C-43BF-ADCD-CD78D40D51A6}.Debug|ARM32.ActiveCfg = Debug|Any CPU
		{50800C9C-761C-43BF-ADCD-CD78D40D51A6}.Debug|ARM32.Build.0 = Debug|Any CPU
		{50800C9C-761C-43BF-ADCD-CD78D40D51A6}.Debug|x64.ActiveCfg = Debug|Any CPU
		{50800C9C-761C-43BF-ADCD-CD78D40D51A6}.Debug|x64.Build.0 = Debug|Any CPU
		{50800C9C-761C-43BF-ADCD-CD78D40D51A6}.Debug|x86.ActiveCfg = Debug|Any CPU
		{50800C9C-761C-43BF-ADCD-CD78D40D51A6}.Debug|x86.Build.0 = Debug|Any CPU
		{50800C9C-761C-43BF-ADCD-CD78D40D51A6}.Release|Any CPU.ActiveCfg = Release|Any CPU
		{50800C9C-761C-43BF-ADCD-CD78D40D51A6}.Release|Any CPU.Build.0 = Release|Any CPU
		{50800C9C-761C-43BF-ADCD-CD78D40D51A6}.Release|ARM32.ActiveCfg = Release|Any CPU
		{50800C9C-761C-43BF-ADCD-CD78D40D51A6}.Release|ARM32.Build.0 = Release|Any CPU
		{50800C9C-761C-43BF-ADCD-CD78D40D51A6}.Release|x64.ActiveCfg = Release|Any CPU
		{50800C9C-761C-43BF-ADCD-CD78D40D51A6}.Release|x64.Build.0 = Release|Any CPU
		{50800C9C-761C-43BF-ADCD-CD78D40D51A6}.Release|x86.ActiveCfg = Release|Any CPU
		{50800C9C-761C-43BF-ADCD-CD78D40D51A6}.Release|x86.Build.0 = Release|Any CPU
		{205BE5F0-A6E2-4DC6-8FAA-6554232AF316}.Debug|Any CPU.ActiveCfg = Debug|Any CPU
		{205BE5F0-A6E2-4DC6-8FAA-6554232AF316}.Debug|Any CPU.Build.0 = Debug|Any CPU
		{205BE5F0-A6E2-4DC6-8FAA-6554232AF316}.Debug|ARM32.ActiveCfg = Debug|Any CPU
		{205BE5F0-A6E2-4DC6-8FAA-6554232AF316}.Debug|ARM32.Build.0 = Debug|Any CPU
		{205BE5F0-A6E2-4DC6-8FAA-6554232AF316}.Debug|x64.ActiveCfg = Debug|Any CPU
		{205BE5F0-A6E2-4DC6-8FAA-6554232AF316}.Debug|x64.Build.0 = Debug|Any CPU
		{205BE5F0-A6E2-4DC6-8FAA-6554232AF316}.Debug|x86.ActiveCfg = Debug|Any CPU
		{205BE5F0-A6E2-4DC6-8FAA-6554232AF316}.Debug|x86.Build.0 = Debug|Any CPU
		{205BE5F0-A6E2-4DC6-8FAA-6554232AF316}.Release|Any CPU.ActiveCfg = Release|Any CPU
		{205BE5F0-A6E2-4DC6-8FAA-6554232AF316}.Release|Any CPU.Build.0 = Release|Any CPU
		{205BE5F0-A6E2-4DC6-8FAA-6554232AF316}.Release|ARM32.ActiveCfg = Release|Any CPU
		{205BE5F0-A6E2-4DC6-8FAA-6554232AF316}.Release|ARM32.Build.0 = Release|Any CPU
		{205BE5F0-A6E2-4DC6-8FAA-6554232AF316}.Release|x64.ActiveCfg = Release|Any CPU
		{205BE5F0-A6E2-4DC6-8FAA-6554232AF316}.Release|x64.Build.0 = Release|Any CPU
		{205BE5F0-A6E2-4DC6-8FAA-6554232AF316}.Release|x86.ActiveCfg = Release|Any CPU
		{205BE5F0-A6E2-4DC6-8FAA-6554232AF316}.Release|x86.Build.0 = Release|Any CPU
		{4351CC8C-61B1-48A9-B921-007DF3BEBD29}.Debug|Any CPU.ActiveCfg = Debug|Any CPU
		{4351CC8C-61B1-48A9-B921-007DF3BEBD29}.Debug|Any CPU.Build.0 = Debug|Any CPU
		{4351CC8C-61B1-48A9-B921-007DF3BEBD29}.Debug|ARM32.ActiveCfg = Debug|Any CPU
		{4351CC8C-61B1-48A9-B921-007DF3BEBD29}.Debug|ARM32.Build.0 = Debug|Any CPU
		{4351CC8C-61B1-48A9-B921-007DF3BEBD29}.Debug|x64.ActiveCfg = Debug|Any CPU
		{4351CC8C-61B1-48A9-B921-007DF3BEBD29}.Debug|x64.Build.0 = Debug|Any CPU
		{4351CC8C-61B1-48A9-B921-007DF3BEBD29}.Debug|x86.ActiveCfg = Debug|Any CPU
		{4351CC8C-61B1-48A9-B921-007DF3BEBD29}.Debug|x86.Build.0 = Debug|Any CPU
		{4351CC8C-61B1-48A9-B921-007DF3BEBD29}.Release|Any CPU.ActiveCfg = Release|Any CPU
		{4351CC8C-61B1-48A9-B921-007DF3BEBD29}.Release|Any CPU.Build.0 = Release|Any CPU
		{4351CC8C-61B1-48A9-B921-007DF3BEBD29}.Release|ARM32.ActiveCfg = Release|Any CPU
		{4351CC8C-61B1-48A9-B921-007DF3BEBD29}.Release|ARM32.Build.0 = Release|Any CPU
		{4351CC8C-61B1-48A9-B921-007DF3BEBD29}.Release|x64.ActiveCfg = Release|Any CPU
		{4351CC8C-61B1-48A9-B921-007DF3BEBD29}.Release|x64.Build.0 = Release|Any CPU
		{4351CC8C-61B1-48A9-B921-007DF3BEBD29}.Release|x86.ActiveCfg = Release|Any CPU
		{4351CC8C-61B1-48A9-B921-007DF3BEBD29}.Release|x86.Build.0 = Release|Any CPU
	EndGlobalSection
	GlobalSection(SolutionProperties) = preSolution
		HideSolutionNode = FALSE
	EndGlobalSection
	GlobalSection(NestedProjects) = preSolution
		{36AFADC3-4064-4914-9C3D-6B86D44A6DCF} = {7C43F7D1-BA17-403C-9FF6-859A2C65FF67}
		{DE57DADE-9438-400A-90AB-44C7ADED3ABF} = {7C43F7D1-BA17-403C-9FF6-859A2C65FF67}
		{FC721E9C-5EA9-456B-AFFC-0A801DE14B78} = {87B3CC0F-E17C-447D-A56D-F58A8855849A}
		{1CB4DC43-58A3-44A8-BBB8-F308C5FC64C9} = {FC721E9C-5EA9-456B-AFFC-0A801DE14B78}
		{DCD9E10C-2711-4F3B-BC0D-E22FF016216D} = {FC721E9C-5EA9-456B-AFFC-0A801DE14B78}
		{311FC238-4BFE-4870-940C-2F50277AB68E} = {FC721E9C-5EA9-456B-AFFC-0A801DE14B78}
		{DE8B35AE-6494-4B21-88DB-FB8F2C88D442} = {FC721E9C-5EA9-456B-AFFC-0A801DE14B78}
		{5E2F0D60-8DBE-4090-95F6-956CC73F836C} = {0CDDF02A-F451-4624-9836-3C34A55DCD7D}
		{0CDDF02A-F451-4624-9836-3C34A55DCD7D} = {87B3CC0F-E17C-447D-A56D-F58A8855849A}
		{5E214CDE-46DC-47E7-A8F1-BE6DF1BEC07F} = {0CDDF02A-F451-4624-9836-3C34A55DCD7D}
		{D66A5051-F255-4579-A962-2A3BDA8165A7} = {0CDDF02A-F451-4624-9836-3C34A55DCD7D}
		{ECB41E20-3C8A-4992-9A45-00D08DAE2EFA} = {0CDDF02A-F451-4624-9836-3C34A55DCD7D}
		{964ED5D4-CB04-44F7-8543-B986EB10CFE0} = {0CDDF02A-F451-4624-9836-3C34A55DCD7D}
		{5AF9341B-BC70-44D8-9FC7-5AF3AFF9D69A} = {0CDDF02A-F451-4624-9836-3C34A55DCD7D}
		{8241C416-A2D0-41AB-83A5-DA37EFDE4D55} = {0CDDF02A-F451-4624-9836-3C34A55DCD7D}
		{38761BC9-096F-4D5F-89DC-14DB184995F3} = {87B3CC0F-E17C-447D-A56D-F58A8855849A}
		{2A3B761F-8E25-49D3-BC6D-83DAB29280D6} = {38761BC9-096F-4D5F-89DC-14DB184995F3}
		{E7EF73B0-B7F6-44DF-9372-C58827325A27} = {38761BC9-096F-4D5F-89DC-14DB184995F3}
		{F199881D-6F38-4408-9BF4-B57BDF8EA1AA} = {38761BC9-096F-4D5F-89DC-14DB184995F3}
		{8D3D74FA-AC78-4678-A64E-B5AE98EA59DF} = {38761BC9-096F-4D5F-89DC-14DB184995F3}
		{65E3F83B-EB38-490C-9B2A-1F6C6DB7FBF6} = {38761BC9-096F-4D5F-89DC-14DB184995F3}
		{50800C9C-761C-43BF-ADCD-CD78D40D51A6} = {38761BC9-096F-4D5F-89DC-14DB184995F3}
		{205BE5F0-A6E2-4DC6-8FAA-6554232AF316} = {38761BC9-096F-4D5F-89DC-14DB184995F3}
		{4351CC8C-61B1-48A9-B921-007DF3BEBD29} = {38761BC9-096F-4D5F-89DC-14DB184995F3}
	EndGlobalSection
	GlobalSection(ExtensibilityGlobals) = postSolution
		SolutionGuid = {97220331-023B-4EB9-A690-FA5A433017F3}
	EndGlobalSection
EndGlobal
