
Microsoft Visual Studio Solution File, Format Version 12.00
# Visual Studio Version 17
VisualStudioVersion = 17.3.32901.215
MinimumVisualStudioVersion = 10.0.40219.1
Project("{9A19103F-16F7-4668-BE54-9A1E7A4F7556}") = "Demo", "Demo\Demo.csproj", "{484A3C72-81B7-426B-A4F4-A81071C1C5BF}"
EndProject
Project("{2150E333-8FDC-42A3-9474-1A3956D46DE8}") = "SOLID", "SOLID", "{7C43F7D1-BA17-403C-9FF6-859A2C65FF67}"
EndProject
Project("{9A19103F-16F7-4668-BE54-9A1E7A4F7556}") = "SRP", "SRP\SRP.csproj", "{36AFADC3-4064-4914-9C3D-6B86D44A6DCF}"
EndProject
Project("{9A19103F-16F7-4668-BE54-9A1E7A4F7556}") = "OSP", "OSP\OSP.csproj", "{DE57DADE-9438-400A-90AB-44C7ADED3ABF}"
EndProject
Project("{2150E333-8FDC-42A3-9474-1A3956D46DE8}") = "DesignPatterns", "DesignPatterns", "{87B3CC0F-E17C-447D-A56D-F58A8855849A}"
EndProject
Project("{2150E333-8FDC-42A3-9474-1A3956D46DE8}") = "Creational", "Creational", "{FC721E9C-5EA9-456B-AFFC-0A801DE14B78}"
EndProject
Project("{9A19103F-16F7-4668-BE54-9A1E7A4F7556}") = "Builder", "Builder\Builder.csproj", "{1CB4DC43-58A3-44A8-BBB8-F308C5FC64C9}"
EndProject
Project("{9A19103F-16F7-4668-BE54-9A1E7A4F7556}") = "Factory", "Factory\Factory.csproj", "{DCD9E10C-2711-4F3B-BC0D-E22FF016216D}"
EndProject
Project("{FAE04EC0-301F-11D3-BF4B-00C04F79EFBC}") = "ProtoType", "ProtoType\ProtoType.csproj", "{311FC238-4BFE-4870-940C-2F50277AB68E}"
EndProject
Project("{FAE04EC0-301F-11D3-BF4B-00C04F79EFBC}") = "Singlton", "Singlton\Singlton.csproj", "{DE8B35AE-6494-4B21-88DB-FB8F2C88D442}"
EndProject
Global
	GlobalSection(SolutionConfigurationPlatforms) = preSolution
		Debug|Any CPU = Debug|Any CPU
		Debug|ARM32 = Debug|ARM32
		Debug|x64 = Debug|x64
		Debug|x86 = Debug|x86
		Release|Any CPU = Release|Any CPU
		Release|ARM32 = Release|ARM32
		Release|x64 = Release|x64
		Release|x86 = Release|x86
	EndGlobalSection
	GlobalSection(ProjectConfigurationPlatforms) = postSolution
		{484A3C72-81B7-426B-A4F4-A81071C1C5BF}.Debug|Any CPU.ActiveCfg = Debug|Any CPU
		{484A3C72-81B7-426B-A4F4-A81071C1C5BF}.Debug|Any CPU.Build.0 = Debug|Any CPU
		{484A3C72-81B7-426B-A4F4-A81071C1C5BF}.Debug|ARM32.ActiveCfg = Debug|ARM32
		{484A3C72-81B7-426B-A4F4-A81071C1C5BF}.Debug|ARM32.Build.0 = Debug|ARM32
		{484A3C72-81B7-426B-A4F4-A81071C1C5BF}.Debug|x64.ActiveCfg = Debug|x64
		{484A3C72-81B7-426B-A4F4-A81071C1C5BF}.Debug|x64.Build.0 = Debug|x64
		{484A3C72-81B7-426B-A4F4-A81071C1C5BF}.Debug|x86.ActiveCfg = Debug|x86
		{484A3C72-81B7-426B-A4F4-A81071C1C5BF}.Debug|x86.Build.0 = Debug|x86
		{484A3C72-81B7-426B-A4F4-A81071C1C5BF}.Release|Any CPU.ActiveCfg = Release|Any CPU
		{484A3C72-81B7-426B-A4F4-A81071C1C5BF}.Release|Any CPU.Build.0 = Release|Any CPU
		{484A3C72-81B7-426B-A4F4-A81071C1C5BF}.Release|ARM32.ActiveCfg = Release|ARM32
		{484A3C72-81B7-426B-A4F4-A81071C1C5BF}.Release|ARM32.Build.0 = Release|ARM32
		{484A3C72-81B7-426B-A4F4-A81071C1C5BF}.Release|x64.ActiveCfg = Release|x64
		{484A3C72-81B7-426B-A4F4-A81071C1C5BF}.Release|x64.Build.0 = Release|x64
		{484A3C72-81B7-426B-A4F4-A81071C1C5BF}.Release|x86.ActiveCfg = Release|x86
		{484A3C72-81B7-426B-A4F4-A81071C1C5BF}.Release|x86.Build.0 = Release|x86
		{36AFADC3-4064-4914-9C3D-6B86D44A6DCF}.Debug|Any CPU.ActiveCfg = Debug|Any CPU
		{36AFADC3-4064-4914-9C3D-6B86D44A6DCF}.Debug|Any CPU.Build.0 = Debug|Any CPU
		{36AFADC3-4064-4914-9C3D-6B86D44A6DCF}.Debug|ARM32.ActiveCfg = Debug|Any CPU
		{36AFADC3-4064-4914-9C3D-6B86D44A6DCF}.Debug|ARM32.Build.0 = Debug|Any CPU
		{36AFADC3-4064-4914-9C3D-6B86D44A6DCF}.Debug|x64.ActiveCfg = Debug|Any CPU
		{36AFADC3-4064-4914-9C3D-6B86D44A6DCF}.Debug|x64.Build.0 = Debug|Any CPU
		{36AFADC3-4064-4914-9C3D-6B86D44A6DCF}.Debug|x86.ActiveCfg = Debug|Any CPU
		{36AFADC3-4064-4914-9C3D-6B86D44A6DCF}.Debug|x86.Build.0 = Debug|Any CPU
		{36AFADC3-4064-4914-9C3D-6B86D44A6DCF}.Release|Any CPU.ActiveCfg = Release|Any CPU
		{36AFADC3-4064-4914-9C3D-6B86D44A6DCF}.Release|Any CPU.Build.0 = Release|Any CPU
		{36AFADC3-4064-4914-9C3D-6B86D44A6DCF}.Release|ARM32.ActiveCfg = Release|Any CPU
		{36AFADC3-4064-4914-9C3D-6B86D44A6DCF}.Release|ARM32.Build.0 = Release|Any CPU
		{36AFADC3-4064-4914-9C3D-6B86D44A6DCF}.Release|x64.ActiveCfg = Release|Any CPU
		{36AFADC3-4064-4914-9C3D-6B86D44A6DCF}.Release|x64.Build.0 = Release|Any CPU
		{36AFADC3-4064-4914-9C3D-6B86D44A6DCF}.Release|x86.ActiveCfg = Release|Any CPU
		{36AFADC3-4064-4914-9C3D-6B86D44A6DCF}.Release|x86.Build.0 = Release|Any CPU
		{DE57DADE-9438-400A-90AB-44C7ADED3ABF}.Debug|Any CPU.ActiveCfg = Debug|Any CPU
		{DE57DADE-9438-400A-90AB-44C7ADED3ABF}.Debug|Any CPU.Build.0 = Debug|Any CPU
		{DE57DADE-9438-400A-90AB-44C7ADED3ABF}.Debug|ARM32.ActiveCfg = Debug|Any CPU
		{DE57DADE-9438-400A-90AB-44C7ADED3ABF}.Debug|ARM32.Build.0 = Debug|Any CPU
		{DE57DADE-9438-400A-90AB-44C7ADED3ABF}.Debug|x64.ActiveCfg = Debug|Any CPU
		{DE57DADE-9438-400A-90AB-44C7ADED3ABF}.Debug|x64.Build.0 = Debug|Any CPU
		{DE57DADE-9438-400A-90AB-44C7ADED3ABF}.Debug|x86.ActiveCfg = Debug|Any CPU
		{DE57DADE-9438-400A-90AB-44C7ADED3ABF}.Debug|x86.Build.0 = Debug|Any CPU
		{DE57DADE-9438-400A-90AB-44C7ADED3ABF}.Release|Any CPU.ActiveCfg = Release|Any CPU
		{DE57DADE-9438-400A-90AB-44C7ADED3ABF}.Release|Any CPU.Build.0 = Release|Any CPU
		{DE57DADE-9438-400A-90AB-44C7ADED3ABF}.Release|ARM32.ActiveCfg = Release|Any CPU
		{DE57DADE-9438-400A-90AB-44C7ADED3ABF}.Release|ARM32.Build.0 = Release|Any CPU
		{DE57DADE-9438-400A-90AB-44C7ADED3ABF}.Release|x64.ActiveCfg = Release|Any CPU
		{DE57DADE-9438-400A-90AB-44C7ADED3ABF}.Release|x64.Build.0 = Release|Any CPU
		{DE57DADE-9438-400A-90AB-44C7ADED3ABF}.Release|x86.ActiveCfg = Release|Any CPU
		{DE57DADE-9438-400A-90AB-44C7ADED3ABF}.Release|x86.Build.0 = Release|Any CPU
		{1CB4DC43-58A3-44A8-BBB8-F308C5FC64C9}.Debug|Any CPU.ActiveCfg = Debug|Any CPU
		{1CB4DC43-58A3-44A8-BBB8-F308C5FC64C9}.Debug|Any CPU.Build.0 = Debug|Any CPU
		{1CB4DC43-58A3-44A8-BBB8-F308C5FC64C9}.Debug|ARM32.ActiveCfg = Debug|Any CPU
		{1CB4DC43-58A3-44A8-BBB8-F308C5FC64C9}.Debug|ARM32.Build.0 = Debug|Any CPU
		{1CB4DC43-58A3-44A8-BBB8-F308C5FC64C9}.Debug|x64.ActiveCfg = Debug|Any CPU
		{1CB4DC43-58A3-44A8-BBB8-F308C5FC64C9}.Debug|x64.Build.0 = Debug|Any CPU
		{1CB4DC43-58A3-44A8-BBB8-F308C5FC64C9}.Debug|x86.ActiveCfg = Debug|Any CPU
		{1CB4DC43-58A3-44A8-BBB8-F308C5FC64C9}.Debug|x86.Build.0 = Debug|Any CPU
		{1CB4DC43-58A3-44A8-BBB8-F308C5FC64C9}.Release|Any CPU.ActiveCfg = Release|Any CPU
		{1CB4DC43-58A3-44A8-BBB8-F308C5FC64C9}.Release|Any CPU.Build.0 = Release|Any CPU
		{1CB4DC43-58A3-44A8-BBB8-F308C5FC64C9}.Release|ARM32.ActiveCfg = Release|Any CPU
		{1CB4DC43-58A3-44A8-BBB8-F308C5FC64C9}.Release|ARM32.Build.0 = Release|Any CPU
		{1CB4DC43-58A3-44A8-BBB8-F308C5FC64C9}.Release|x64.ActiveCfg = Release|Any CPU
		{1CB4DC43-58A3-44A8-BBB8-F308C5FC64C9}.Release|x64.Build.0 = Release|Any CPU
		{1CB4DC43-58A3-44A8-BBB8-F308C5FC64C9}.Release|x86.ActiveCfg = Release|Any CPU
		{1CB4DC43-58A3-44A8-BBB8-F308C5FC64C9}.Release|x86.Build.0 = Release|Any CPU
		{DCD9E10C-2711-4F3B-BC0D-E22FF016216D}.Debug|Any CPU.ActiveCfg = Debug|Any CPU
		{DCD9E10C-2711-4F3B-BC0D-E22FF016216D}.Debug|Any CPU.Build.0 = Debug|Any CPU
		{DCD9E10C-2711-4F3B-BC0D-E22FF016216D}.Debug|ARM32.ActiveCfg = Debug|Any CPU
		{DCD9E10C-2711-4F3B-BC0D-E22FF016216D}.Debug|ARM32.Build.0 = Debug|Any CPU
		{DCD9E10C-2711-4F3B-BC0D-E22FF016216D}.Debug|x64.ActiveCfg = Debug|Any CPU
		{DCD9E10C-2711-4F3B-BC0D-E22FF016216D}.Debug|x64.Build.0 = Debug|Any CPU
		{DCD9E10C-2711-4F3B-BC0D-E22FF016216D}.Debug|x86.ActiveCfg = Debug|Any CPU
		{DCD9E10C-2711-4F3B-BC0D-E22FF016216D}.Debug|x86.Build.0 = Debug|Any CPU
		{DCD9E10C-2711-4F3B-BC0D-E22FF016216D}.Release|Any CPU.ActiveCfg = Release|Any CPU
		{DCD9E10C-2711-4F3B-BC0D-E22FF016216D}.Release|Any CPU.Build.0 = Release|Any CPU
		{DCD9E10C-2711-4F3B-BC0D-E22FF016216D}.Release|ARM32.ActiveCfg = Release|Any CPU
		{DCD9E10C-2711-4F3B-BC0D-E22FF016216D}.Release|ARM32.Build.0 = Release|Any CPU
		{DCD9E10C-2711-4F3B-BC0D-E22FF016216D}.Release|x64.ActiveCfg = Release|Any CPU
		{DCD9E10C-2711-4F3B-BC0D-E22FF016216D}.Release|x64.Build.0 = Release|Any CPU
		{DCD9E10C-2711-4F3B-BC0D-E22FF016216D}.Release|x86.ActiveCfg = Release|Any CPU
		{DCD9E10C-2711-4F3B-BC0D-E22FF016216D}.Release|x86.Build.0 = Release|Any CPU
		{311FC238-4BFE-4870-940C-2F50277AB68E}.Debug|Any CPU.ActiveCfg = Debug|Any CPU
		{311FC238-4BFE-4870-940C-2F50277AB68E}.Debug|Any CPU.Build.0 = Debug|Any CPU
		{311FC238-4BFE-4870-940C-2F50277AB68E}.Debug|ARM32.ActiveCfg = Debug|Any CPU
		{311FC238-4BFE-4870-940C-2F50277AB68E}.Debug|ARM32.Build.0 = Debug|Any CPU
		{311FC238-4BFE-4870-940C-2F50277AB68E}.Debug|x64.ActiveCfg = Debug|Any CPU
		{311FC238-4BFE-4870-940C-2F50277AB68E}.Debug|x64.Build.0 = Debug|Any CPU
		{311FC238-4BFE-4870-940C-2F50277AB68E}.Debug|x86.ActiveCfg = Debug|Any CPU
		{311FC238-4BFE-4870-940C-2F50277AB68E}.Debug|x86.Build.0 = Debug|Any CPU
		{311FC238-4BFE-4870-940C-2F50277AB68E}.Release|Any CPU.ActiveCfg = Release|Any CPU
		{311FC238-4BFE-4870-940C-2F50277AB68E}.Release|Any CPU.Build.0 = Release|Any CPU
		{311FC238-4BFE-4870-940C-2F50277AB68E}.Release|ARM32.ActiveCfg = Release|Any CPU
		{311FC238-4BFE-4870-940C-2F50277AB68E}.Release|ARM32.Build.0 = Release|Any CPU
		{311FC238-4BFE-4870-940C-2F50277AB68E}.Release|x64.ActiveCfg = Release|Any CPU
		{311FC238-4BFE-4870-940C-2F50277AB68E}.Release|x64.Build.0 = Release|Any CPU
		{311FC238-4BFE-4870-940C-2F50277AB68E}.Release|x86.ActiveCfg = Release|Any CPU
		{311FC238-4BFE-4870-940C-2F50277AB68E}.Release|x86.Build.0 = Release|Any CPU
		{DE8B35AE-6494-4B21-88DB-FB8F2C88D442}.Debug|Any CPU.ActiveCfg = Debug|Any CPU
		{DE8B35AE-6494-4B21-88DB-FB8F2C88D442}.Debug|Any CPU.Build.0 = Debug|Any CPU
		{DE8B35AE-6494-4B21-88DB-FB8F2C88D442}.Debug|ARM32.ActiveCfg = Debug|Any CPU
		{DE8B35AE-6494-4B21-88DB-FB8F2C88D442}.Debug|ARM32.Build.0 = Debug|Any CPU
		{DE8B35AE-6494-4B21-88DB-FB8F2C88D442}.Debug|x64.ActiveCfg = Debug|Any CPU
		{DE8B35AE-6494-4B21-88DB-FB8F2C88D442}.Debug|x64.Build.0 = Debug|Any CPU
		{DE8B35AE-6494-4B21-88DB-FB8F2C88D442}.Debug|x86.ActiveCfg = Debug|Any CPU
		{DE8B35AE-6494-4B21-88DB-FB8F2C88D442}.Debug|x86.Build.0 = Debug|Any CPU
		{DE8B35AE-6494-4B21-88DB-FB8F2C88D442}.Release|Any CPU.ActiveCfg = Release|Any CPU
		{DE8B35AE-6494-4B21-88DB-FB8F2C88D442}.Release|Any CPU.Build.0 = Release|Any CPU
		{DE8B35AE-6494-4B21-88DB-FB8F2C88D442}.Release|ARM32.ActiveCfg = Release|Any CPU
		{DE8B35AE-6494-4B21-88DB-FB8F2C88D442}.Release|ARM32.Build.0 = Release|Any CPU
		{DE8B35AE-6494-4B21-88DB-FB8F2C88D442}.Release|x64.ActiveCfg = Release|Any CPU
		{DE8B35AE-6494-4B21-88DB-FB8F2C88D442}.Release|x64.Build.0 = Release|Any CPU
		{DE8B35AE-6494-4B21-88DB-FB8F2C88D442}.Release|x86.ActiveCfg = Release|Any CPU
		{DE8B35AE-6494-4B21-88DB-FB8F2C88D442}.Release|x86.Build.0 = Release|Any CPU
	EndGlobalSection
	GlobalSection(SolutionProperties) = preSolution
		HideSolutionNode = FALSE
	EndGlobalSection
	GlobalSection(NestedProjects) = preSolution
		{36AFADC3-4064-4914-9C3D-6B86D44A6DCF} = {7C43F7D1-BA17-403C-9FF6-859A2C65FF67}
		{DE57DADE-9438-400A-90AB-44C7ADED3ABF} = {7C43F7D1-BA17-403C-9FF6-859A2C65FF67}
		{FC721E9C-5EA9-456B-AFFC-0A801DE14B78} = {87B3CC0F-E17C-447D-A56D-F58A8855849A}
		{1CB4DC43-58A3-44A8-BBB8-F308C5FC64C9} = {FC721E9C-5EA9-456B-AFFC-0A801DE14B78}
		{DCD9E10C-2711-4F3B-BC0D-E22FF016216D} = {FC721E9C-5EA9-456B-AFFC-0A801DE14B78}
		{311FC238-4BFE-4870-940C-2F50277AB68E} = {FC721E9C-5EA9-456B-AFFC-0A801DE14B78}
		{DE8B35AE-6494-4B21-88DB-FB8F2C88D442} = {FC721E9C-5EA9-456B-AFFC-0A801DE14B78}
	EndGlobalSection
	GlobalSection(ExtensibilityGlobals) = postSolution
		SolutionGuid = {97220331-023B-4EB9-A690-FA5A433017F3}
	EndGlobalSection
EndGlobal
